
Microsoft Visual Studio Solution File, Format Version 12.00
# Visual Studio Version 17
VisualStudioVersion = 17.14.37111.16 d17.14
MinimumVisualStudioVersion = 10.0.40219.1
Project("{FAE04EC0-301F-11D3-BF4B-00C04F79EFBC}") = "Arbot (V Console) (V FileData)", "Arbot (V Console) (V FileData).csproj", "{C6985D1A-1654-46BE-833B-A921A891E937}"
EndProject
Global
	GlobalSection(SolutionConfigurationPlatforms) = preSolution
		Debug|Any CPU = Debug|Any CPU
		Release|Any CPU = Release|Any CPU
	EndGlobalSection
	GlobalSection(ProjectConfigurationPlatforms) = postSolution
		{C6985D1A-1654-46BE-833B-A921A891E937}.Debug|Any CPU.ActiveCfg = Debug|Any CPU
		{C6985D1A-1654-46BE-833B-A921A891E937}.Debug|Any CPU.Build.0 = Debug|Any CPU
		{C6985D1A-1654-46BE-833B-A921A891E937}.Release|Any CPU.ActiveCfg = Release|Any CPU
		{C6985D1A-1654-46BE-833B-A921A891E937}.Release|Any CPU.Build.0 = Release|Any CPU
	EndGlobalSection
	GlobalSection(SolutionProperties) = preSolution
		HideSolutionNode = FALSE
	EndGlobalSection
	GlobalSection(ExtensibilityGlobals) = postSolution
		SolutionGuid = {735CF828-7135-4113-932C-0E406FBC3A9D}
	EndGlobalSection
EndGlobal
